Microsoft Visual Studio Solution File, Format Version 12.00
# Visual Studio Version 17
VisualStudioVersion = 17.5.2.0
MinimumVisualStudioVersion = 10.0.40219.1
Project("{FAE04EC0-301F-11D3-BF4B-00C04F79EFBC}") = "claseAbstracta", "claseAbstracta\claseAbstracta.csproj", "{B0630B1A-0802-A870-5B10-BE835B190829}"
EndProject
Project("{FAE04EC0-301F-11D3-BF4B-00C04F79EFBC}") = "claseNormal", "claseNormal\claseNormal.csproj", "{E566D5E2-1154-CB4A-D231-69B777AD9FC9}"
EndProject
Project("{FAE04EC0-301F-11D3-BF4B-00C04F79EFBC}") = "interfaz", "interfaz\interfaz.csproj", "{9A664E2C-4D6E-2457-42F7-ED77E9C71BC9}"
EndProject
Global
	GlobalSection(SolutionConfigurationPlatforms) = preSolution
		Debug|Any CPU = Debug|Any CPU
		Release|Any CPU = Release|Any CPU
	EndGlobalSection
	GlobalSection(ProjectConfigurationPlatforms) = postSolution
		{B0630B1A-0802-A870-5B10-BE835B190829}.Debug|Any CPU.ActiveCfg = Debug|Any CPU
		{B0630B1A-0802-A870-5B10-BE835B190829}.Debug|Any CPU.Build.0 = Debug|Any CPU
		{B0630B1A-0802-A870-5B10-BE835B190829}.Release|Any CPU.ActiveCfg = Release|Any CPU
		{B0630B1A-0802-A870-5B10-BE835B190829}.Release|Any CPU.Build.0 = Release|Any CPU
		{E566D5E2-1154-CB4A-D231-69B777AD9FC9}.Debug|Any CPU.ActiveCfg = Debug|Any CPU
		{E566D5E2-1154-CB4A-D231-69B777AD9FC9}.Debug|Any CPU.Build.0 = Debug|Any CPU
		{E566D5E2-1154-CB4A-D231-69B777AD9FC9}.Release|Any CPU.ActiveCfg = Release|Any CPU
		{E566D5E2-1154-CB4A-D231-69B777AD9FC9}.Release|Any CPU.Build.0 = Release|Any CPU
		{9A664E2C-4D6E-2457-42F7-ED77E9C71BC9}.Debug|Any CPU.ActiveCfg = Debug|Any CPU
		{9A664E2C-4D6E-2457-42F7-ED77E9C71BC9}.Debug|Any CPU.Build.0 = Debug|Any CPU
		{9A664E2C-4D6E-2457-42F7-ED77E9C71BC9}.Release|Any CPU.ActiveCfg = Release|Any CPU
		{9A664E2C-4D6E-2457-42F7-ED77E9C71BC9}.Release|Any CPU.Build.0 = Release|Any CPU
	EndGlobalSection
	GlobalSection(SolutionProperties) = preSolution
		HideSolutionNode = FALSE
	EndGlobalSection
	GlobalSection(ExtensibilityGlobals) = postSolution
		SolutionGuid = {F11B5171-1E54-4E2F-9EBF-F7533F0CE471}
	EndGlobalSection
EndGlobal
